
Microsoft Visual Studio Solution File, Format Version 12.00
# Visual Studio Version 16
VisualStudioVersion = 16.0.31112.23
MinimumVisualStudioVersion = 10.0.40219.1
Project("{FAE04EC0-301F-11D3-BF4B-00C04F79EFBC}") = "DemoApp", "DemoApp\DemoApp.csproj", "{A63E7140-CD90-4500-B859-F804A715246F}"
EndProject
Project("{FAE04EC0-301F-11D3-BF4B-00C04F79EFBC}") = "BlazorApp", "BlazorApp\BlazorApp.csproj", "{83009F3C-7838-45C8-AFFE-4E5D77597402}"
EndProject
Global
	GlobalSection(SolutionConfigurationPlatforms) = preSolution
		Debug|Any CPU = Debug|Any CPU
		Release|Any CPU = Release|Any CPU
	EndGlobalSection
	GlobalSection(ProjectConfigurationPlatforms) = postSolution
		{A63E7140-CD90-4500-B859-F804A715246F}.Debug|Any CPU.ActiveCfg = Debug|Any CPU
		{A63E7140-CD90-4500-B859-F804A715246F}.Debug|Any CPU.Build.0 = Debug|Any CPU
		{A63E7140-CD90-4500-B859-F804A715246F}.Release|Any CPU.ActiveCfg = Release|Any CPU
		{A63E7140-CD90-4500-B859-F804A715246F}.Release|Any CPU.Build.0 = Release|Any CPU
		{83009F3C-7838-45C8-AFFE-4E5D77597402}.Debug|Any CPU.ActiveCfg = Debug|Any CPU
		{83009F3C-7838-45C8-AFFE-4E5D77597402}.Debug|Any CPU.Build.0 = Debug|Any CPU
		{83009F3C-7838-45C8-AFFE-4E5D77597402}.Release|Any CPU.ActiveCfg = Release|Any CPU
		{83009F3C-7838-45C8-AFFE-4E5D77597402}.Release|Any CPU.Build.0 = Release|Any CPU
	EndGlobalSection
	GlobalSection(SolutionProperties) = preSolution
		HideSolutionNode = FALSE
	EndGlobalSection
	GlobalSection(ExtensibilityGlobals) = postSolution
		SolutionGuid = {8335478B-CAA3-4E2C-8FE9-DF2E7D4CBFD1}
	EndGlobalSection
EndGlobal
