
Microsoft Visual Studio Solution File, Format Version 12.00
# Visual Studio 15
VisualStudioVersion = 15.0.28307.1433
MinimumVisualStudioVersion = 10.0.40219.1
Project("{FAE04EC0-301F-11D3-BF4B-00C04F79EFBC}") = "ConceptsDemo", "ConceptsDemo\ConceptsDemo.csproj", "{C9F3F3DB-36F1-46F7-B52D-A93D3C746E78}"
EndProject
Project("{FAE04EC0-301F-11D3-BF4B-00C04F79EFBC}") = "PersonLibrary", "PersonLibrary\PersonLibrary.csproj", "{2B32AAEF-7260-41EB-9590-06DBF9FA2E83}"
EndProject
Global
	GlobalSection(SolutionConfigurationPlatforms) = preSolution
		Debug|Any CPU = Debug|Any CPU
		Release|Any CPU = Release|Any CPU
	EndGlobalSection
	GlobalSection(ProjectConfigurationPlatforms) = postSolution
		{C9F3F3DB-36F1-46F7-B52D-A93D3C746E78}.Debug|Any CPU.ActiveCfg = Debug|Any CPU
		{C9F3F3DB-36F1-46F7-B52D-A93D3C746E78}.Debug|Any CPU.Build.0 = Debug|Any CPU
		{C9F3F3DB-36F1-46F7-B52D-A93D3C746E78}.Release|Any CPU.ActiveCfg = Release|Any CPU
		{C9F3F3DB-36F1-46F7-B52D-A93D3C746E78}.Release|Any CPU.Build.0 = Release|Any CPU
		{2B32AAEF-7260-41EB-9590-06DBF9FA2E83}.Debug|Any CPU.ActiveCfg = Debug|Any CPU
		{2B32AAEF-7260-41EB-9590-06DBF9FA2E83}.Debug|Any CPU.Build.0 = Debug|Any CPU
		{2B32AAEF-7260-41EB-9590-06DBF9FA2E83}.Release|Any CPU.ActiveCfg = Release|Any CPU
		{2B32AAEF-7260-41EB-9590-06DBF9FA2E83}.Release|Any CPU.Build.0 = Release|Any CPU
	EndGlobalSection
	GlobalSection(SolutionProperties) = preSolution
		HideSolutionNode = FALSE
	EndGlobalSection
	GlobalSection(ExtensibilityGlobals) = postSolution
		SolutionGuid = {3543C3FB-9316-4B4A-AAF8-CF89CB28B41E}
	EndGlobalSection
EndGlobal
