
Microsoft Visual Studio Solution File, Format Version 12.00
# Visual Studio Version 16
VisualStudioVersion = 16.0.31321.278
MinimumVisualStudioVersion = 10.0.40219.1
Project("{FAE04EC0-301F-11D3-BF4B-00C04F79EFBC}") = "StoredProceduresDemo", "StoredProceduresDemo.csproj", "{8903E19B-BC40-4815-997D-92CF3927C9EB}"
EndProject
Global
	GlobalSection(SolutionConfigurationPlatforms) = preSolution
		Debug|Any CPU = Debug|Any CPU
		Release|Any CPU = Release|Any CPU
	EndGlobalSection
	GlobalSection(ProjectConfigurationPlatforms) = postSolution
		{8903E19B-BC40-4815-997D-92CF3927C9EB}.Debug|Any CPU.ActiveCfg = Debug|Any CPU
		{8903E19B-BC40-4815-997D-92CF3927C9EB}.Debug|Any CPU.Build.0 = Debug|Any CPU
		{8903E19B-BC40-4815-997D-92CF3927C9EB}.Release|Any CPU.ActiveCfg = Release|Any CPU
		{8903E19B-BC40-4815-997D-92CF3927C9EB}.Release|Any CPU.Build.0 = Release|Any CPU
	EndGlobalSection
	GlobalSection(SolutionProperties) = preSolution
		HideSolutionNode = FALSE
	EndGlobalSection
	GlobalSection(ExtensibilityGlobals) = postSolution
		SolutionGuid = {C499ADB8-20FC-4A7B-B690-CB9290BC681F}
	EndGlobalSection
EndGlobal
