
Microsoft Visual Studio Solution File, Format Version 12.00
# Visual Studio 15
VisualStudioVersion = 15.0.28307.1433
MinimumVisualStudioVersion = 10.0.40219.1
Project("{FAE04EC0-301F-11D3-BF4B-00C04F79EFBC}") = "ExceptionHandlingDemo", "ExceptionHandlingDemo\ExceptionHandlingDemo.csproj", "{C9E1A512-8363-4E29-BED4-D2210CFB1AAA}"
EndProject
Global
	GlobalSection(SolutionConfigurationPlatforms) = preSolution
		Debug|Any CPU = Debug|Any CPU
		Release|Any CPU = Release|Any CPU
	EndGlobalSection
	GlobalSection(ProjectConfigurationPlatforms) = postSolution
		{C9E1A512-8363-4E29-BED4-D2210CFB1AAA}.Debug|Any CPU.ActiveCfg = Debug|Any CPU
		{C9E1A512-8363-4E29-BED4-D2210CFB1AAA}.Debug|Any CPU.Build.0 = Debug|Any CPU
		{C9E1A512-8363-4E29-BED4-D2210CFB1AAA}.Release|Any CPU.ActiveCfg = Release|Any CPU
		{C9E1A512-8363-4E29-BED4-D2210CFB1AAA}.Release|Any CPU.Build.0 = Release|Any CPU
	EndGlobalSection
	GlobalSection(SolutionProperties) = preSolution
		HideSolutionNode = FALSE
	EndGlobalSection
	GlobalSection(ExtensibilityGlobals) = postSolution
		SolutionGuid = {C30EFC11-E6E9-48A1-98CC-BD8FCB99302D}
	EndGlobalSection
EndGlobal
