
Microsoft Visual Studio Solution File, Format Version 12.00
# Visual Studio Version 16
VisualStudioVersion = 16.0.31321.278
MinimumVisualStudioVersion = 10.0.40219.1
Project("{FAE04EC0-301F-11D3-BF4B-00C04F79EFBC}") = "Disconnected-Workshop", "Disconnected-Workshop.csproj", "{BADCEC8E-A3D8-4223-A63B-72300EA9DC94}"
EndProject
Project("{FAE04EC0-301F-11D3-BF4B-00C04F79EFBC}") = "DAL", "DAL\DAL.csproj", "{785F46E4-B823-4C1F-9379-90354483ED87}"
EndProject
Global
	GlobalSection(SolutionConfigurationPlatforms) = preSolution
		Debug|Any CPU = Debug|Any CPU
		Release|Any CPU = Release|Any CPU
	EndGlobalSection
	GlobalSection(ProjectConfigurationPlatforms) = postSolution
		{BADCEC8E-A3D8-4223-A63B-72300EA9DC94}.Debug|Any CPU.ActiveCfg = Debug|Any CPU
		{BADCEC8E-A3D8-4223-A63B-72300EA9DC94}.Debug|Any CPU.Build.0 = Debug|Any CPU
		{BADCEC8E-A3D8-4223-A63B-72300EA9DC94}.Release|Any CPU.ActiveCfg = Release|Any CPU
		{BADCEC8E-A3D8-4223-A63B-72300EA9DC94}.Release|Any CPU.Build.0 = Release|Any CPU
		{785F46E4-B823-4C1F-9379-90354483ED87}.Debug|Any CPU.ActiveCfg = Debug|Any CPU
		{785F46E4-B823-4C1F-9379-90354483ED87}.Debug|Any CPU.Build.0 = Debug|Any CPU
		{785F46E4-B823-4C1F-9379-90354483ED87}.Release|Any CPU.ActiveCfg = Release|Any CPU
		{785F46E4-B823-4C1F-9379-90354483ED87}.Release|Any CPU.Build.0 = Release|Any CPU
	EndGlobalSection
	GlobalSection(SolutionProperties) = preSolution
		HideSolutionNode = FALSE
	EndGlobalSection
	GlobalSection(ExtensibilityGlobals) = postSolution
		SolutionGuid = {E49332F7-C899-4B96-959C-067DF599EF4A}
	EndGlobalSection
EndGlobal
