
Microsoft Visual Studio Solution File, Format Version 12.00
# Visual Studio Version 16
VisualStudioVersion = 16.0.31321.278
MinimumVisualStudioVersion = 10.0.40219.1
Project("{FAE04EC0-301F-11D3-BF4B-00C04F79EFBC}") = "DisconnectedDemo", "DisconnectedDemo.csproj", "{507A9DFF-9B2C-4B6E-B240-DEBF9C372BE9}"
EndProject
Project("{FAE04EC0-301F-11D3-BF4B-00C04F79EFBC}") = "DAL", "DAL\DAL.csproj", "{87C27E16-FDD8-46D5-8C27-A98FB4880AD1}"
EndProject
Global
	GlobalSection(SolutionConfigurationPlatforms) = preSolution
		Debug|Any CPU = Debug|Any CPU
		Release|Any CPU = Release|Any CPU
	EndGlobalSection
	GlobalSection(ProjectConfigurationPlatforms) = postSolution
		{507A9DFF-9B2C-4B6E-B240-DEBF9C372BE9}.Debug|Any CPU.ActiveCfg = Debug|Any CPU
		{507A9DFF-9B2C-4B6E-B240-DEBF9C372BE9}.Debug|Any CPU.Build.0 = Debug|Any CPU
		{507A9DFF-9B2C-4B6E-B240-DEBF9C372BE9}.Release|Any CPU.ActiveCfg = Release|Any CPU
		{507A9DFF-9B2C-4B6E-B240-DEBF9C372BE9}.Release|Any CPU.Build.0 = Release|Any CPU
		{87C27E16-FDD8-46D5-8C27-A98FB4880AD1}.Debug|Any CPU.ActiveCfg = Debug|Any CPU
		{87C27E16-FDD8-46D5-8C27-A98FB4880AD1}.Debug|Any CPU.Build.0 = Debug|Any CPU
		{87C27E16-FDD8-46D5-8C27-A98FB4880AD1}.Release|Any CPU.ActiveCfg = Release|Any CPU
		{87C27E16-FDD8-46D5-8C27-A98FB4880AD1}.Release|Any CPU.Build.0 = Release|Any CPU
	EndGlobalSection
	GlobalSection(SolutionProperties) = preSolution
		HideSolutionNode = FALSE
	EndGlobalSection
	GlobalSection(ExtensibilityGlobals) = postSolution
		SolutionGuid = {2BC3D5D7-CE42-4867-9FD3-4B75005F00E8}
	EndGlobalSection
EndGlobal
